
Microsoft Visual Studio Solution File, Format Version 12.00
# Visual Studio Version 17
VisualStudioVersion = 17.5.002.0
MinimumVisualStudioVersion = 10.0.40219.1
Project("{9A19103F-16F7-4668-BE54-9A1E7A4F7556}") = "AmusedAutomation", "AmusedAutomation.csproj", "{F2AF0D2C-3CFC-47A3-9E7F-CD342E15CD8C}"
EndProject
Global
	GlobalSection(SolutionConfigurationPlatforms) = preSolution
		Debug|Any CPU = Debug|Any CPU
		Release|Any CPU = Release|Any CPU
	EndGlobalSection
	GlobalSection(ProjectConfigurationPlatforms) = postSolution
		{F2AF0D2C-3CFC-47A3-9E7F-CD342E15CD8C}.Debug|Any CPU.ActiveCfg = Debug|Any CPU
		{F2AF0D2C-3CFC-47A3-9E7F-CD342E15CD8C}.Debug|Any CPU.Build.0 = Debug|Any CPU
		{F2AF0D2C-3CFC-47A3-9E7F-CD342E15CD8C}.Release|Any CPU.ActiveCfg = Release|Any CPU
		{F2AF0D2C-3CFC-47A3-9E7F-CD342E15CD8C}.Release|Any CPU.Build.0 = Release|Any CPU
	EndGlobalSection
	GlobalSection(SolutionProperties) = preSolution
		HideSolutionNode = FALSE
	EndGlobalSection
	GlobalSection(ExtensibilityGlobals) = postSolution
		SolutionGuid = {1A4B39C6-2890-46F9-ABC6-F1743DC54752}
	EndGlobalSection
EndGlobal
